// !$*UTF8*$!
{
	archiveVersion = 1;
	classes = {
	};
	objectVersion = 50;
	objects = {

/* Begin PBXBuildFile section */
		8045FF122148785600D79398 /* AppDelegate.swift in Sources */ = {isa = PBXBuildFile; fileRef = 8045FF112148785600D79398 /* AppDelegate.swift */; };
		8045FF142148785600D79398 /* ViewController.swift in Sources */ = {isa = PBXBuildFile; fileRef = 8045FF132148785600D79398 /* ViewController.swift */; };
		8045FF172148785600D79398 /* Main.storyboard in Resources */ = {isa = PBXBuildFile; fileRef = 8045FF152148785600D79398 /* Main.storyboard */; };
		8045FF192148785600D79398 /* Assets.xcassets in Resources */ = {isa = PBXBuildFile; fileRef = 8045FF182148785600D79398 /* Assets.xcassets */; };
		8045FF1C2148785600D79398 /* LaunchScreen.storyboard in Resources */ = {isa = PBXBuildFile; fileRef = 8045FF1A2148785600D79398 /* LaunchScreen.storyboard */; };
		8045FF272148785600D79398 /* CarWorkTests.swift in Sources */ = {isa = PBXBuildFile; fileRef = 8045FF262148785600D79398 /* CarWorkTests.swift */; };
		8045FF322148785600D79398 /* CarWorkUITests.swift in Sources */ = {isa = PBXBuildFile; fileRef = 8045FF312148785600D79398 /* CarWorkUITests.swift */; };
/* End PBXBuildFile section */

/* Begin PBXContainerItemProxy section */
		8045FF232148785600D79398 /* PBXContainerItemProxy */ = {
			isa = PBXContainerItemProxy;
			containerPortal = 8045FF062148785600D79398 /* Project object */;
			proxyType = 1;
			remoteGlobalIDString = 8045FF0D2148785600D79398;
			remoteInfo = CarWork;
		};
		8045FF2E2148785600D79398 /* PBXContainerItemProxy */ = {
			isa = PBXContainerItemProxy;
			containerPortal = 8045FF062148785600D79398 /* Project object */;
			proxyType = 1;
			remoteGlobalIDString = 8045FF0D2148785600D79398;
			remoteInfo = CarWork;
		};
/* End PBXContainerItemProxy section */

/* Begin PBXFileReference section */
		8045FF0E2148785600D79398 /* CarWork.app */ = {isa = PBXFileReference; explicitFileType = wrapper.application; includeInIndex = 0; path = CarWork.app; sourceTree = BUILT_PRODUCTS_DIR; };
		8045FF112148785600D79398 /* AppDelegate.swift */ = {isa = PBXFileReference; lastKnownFileType = sourcecode.swift; path = AppDelegate.swift; sourceTree = "<group>"; };
		8045FF132148785600D79398 /* ViewController.swift */ = {isa = PBXFileReference; lastKnownFileType = sourcecode.swift; path = ViewController.swift; sourceTree = "<group>"; };
		8045FF162148785600D79398 /* Base */ = {isa = PBXFileReference; lastKnownFileType = file.storyboard; name = Base; path = Base.lproj/Main.storyboard; sourceTree = "<group>"; };
		8045FF182148785600D79398 /* Assets.xcassets */ = {isa = PBXFileReference; lastKnownFileType = folder.assetcatalog; path = Assets.xcassets; sourceTree = "<group>"; };
		8045FF1B2148785600D79398 /* Base */ = {isa = PBXFileReference; lastKnownFileType = file.storyboard; name = Base; path = Base.lproj/LaunchScreen.storyboard; sourceTree = "<group>"; };
		8045FF1D2148785600D79398 /* Info.plist */ = {isa = PBXFileReference; lastKnownFileType = text.plist.xml; path = Info.plist; sourceTree = "<group>"; };
		8045FF222148785600D79398 /* CarWorkTests.xctest */ = {isa = PBXFileReference; explicitFileType = wrapper.cfbundle; includeInIndex = 0; path = CarWorkTests.xctest; sourceTree = BUILT_PRODUCTS_DIR; };
		8045FF262148785600D79398 /* CarWorkTests.swift */ = {isa = PBXFileReference; lastKnownFileType = sourcecode.swift; path = CarWorkTests.swift; sourceTree = "<group>"; };
		8045FF282148785600D79398 /* Info.plist */ = {isa = PBXFileReference; lastKnownFileType = text.plist.xml; path = Info.plist; sourceTree = "<group>"; };
		8045FF2D2148785600D79398 /* CarWorkUITests.xctest */ = {isa = PBXFileReference; explicitFileType = wrapper.cfbundle; includeInIndex = 0; path = CarWorkUITests.xctest; sourceTree = BUILT_PRODUCTS_DIR; };
		8045FF312148785600D79398 /* CarWorkUITests.swift */ = {isa = PBXFileReference; lastKnownFileType = sourcecode.swift; path = CarWorkUITests.swift; sourceTree = "<group>"; };
		8045FF332148785600D79398 /* Info.plist */ = {isa = PBXFileReference; lastKnownFileType = text.plist.xml; path = Info.plist; sourceTree = "<group>"; };
/* End PBXFileReference section */

/* Begin PBXFrameworksBuildPhase section */
		8045FF0B2148785600D79398 /* Frameworks */ = {
			isa = PBXFrameworksBuildPhase;
			buildActionMask = 2147483647;
			files = (
			);
			runOnlyForDeploymentPostprocessing = 0;
		};
		8045FF1F2148785600D79398 /* Frameworks */ = {
			isa = PBXFrameworksBuildPhase;
			buildActionMask = 2147483647;
			files = (
			);
			runOnlyForDeploymentPostprocessing = 0;
		};
		8045FF2A2148785600D79398 /* Frameworks */ = {
			isa = PBXFrameworksBuildPhase;
			buildActionMask = 2147483647;
			files = (
			);
			runOnlyForDeploymentPostprocessing = 0;
		};
/* End PBXFrameworksBuildPhase section */

/* Begin PBXGroup section */
		8045FF052148785600D79398 = {
			isa = PBXGroup;
			children = (
				8045FF102148785600D79398 /* CarWork */,
				8045FF252148785600D79398 /* CarWorkTests */,
				8045FF302148785600D79398 /* CarWorkUITests */,
				8045FF0F2148785600D79398 /* Products */,
			);
			sourceTree = "<group>";
		};
		8045FF0F2148785600D79398 /* Products */ = {
			isa = PBXGroup;
			children = (
				8045FF0E2148785600D79398 /* CarWork.app */,
				8045FF222148785600D79398 /* CarWorkTests.xctest */,
				8045FF2D2148785600D79398 /* CarWorkUITests.xctest */,
			);
			name = Products;
			sourceTree = "<group>";
		};
		8045FF102148785600D79398 /* CarWork */ = {
			isa = PBXGroup;
			children = (
				8045FF112148785600D79398 /* AppDelegate.swift */,
				8045FF132148785600D79398 /* ViewController.swift */,
				8045FF152148785600D79398 /* Main.storyboard */,
				8045FF182148785600D79398 /* Assets.xcassets */,
				8045FF1A2148785600D79398 /* LaunchScreen.storyboard */,
				8045FF1D2148785600D79398 /* Info.plist */,
			);
			path = CarWork;
			sourceTree = "<group>";
		};
		8045FF252148785600D79398 /* CarWorkTests */ = {
			isa = PBXGroup;
			children = (
				8045FF262148785600D79398 /* CarWorkTests.swift */,
				8045FF282148785600D79398 /* Info.plist */,
			);
			path = CarWorkTests;
			sourceTree = "<group>";
		};
		8045FF302148785600D79398 /* CarWorkUITests */ = {
			isa = PBXGroup;
			children = (
				8045FF312148785600D79398 /* CarWorkUITests.swift */,
				8045FF332148785600D79398 /* Info.plist */,
			);
			path = CarWorkUITests;
			sourceTree = "<group>";
		};
/* End PBXGroup section */

/* Begin PBXNativeTarget section */
		8045FF0D2148785600D79398 /* CarWork */ = {
			isa = PBXNativeTarget;
			buildConfigurationList = 8045FF362148785600D79398 /* Build configuration list for PBXNativeTarget "CarWork" */;
			buildPhases = (
				8045FF0A2148785600D79398 /* Sources */,
				8045FF0B2148785600D79398 /* Frameworks */,
				8045FF0C2148785600D79398 /* Resources */,
			);
			buildRules = (
			);
			dependencies = (
			);
			name = CarWork;
			productName = CarWork;
			productReference = 8045FF0E2148785600D79398 /* CarWork.app */;
			productType = "com.apple.product-type.application";
		};
		8045FF212148785600D79398 /* CarWorkTests */ = {
			isa = PBXNativeTarget;
			buildConfigurationList = 8045FF392148785600D79398 /* Build configuration list for PBXNativeTarget "CarWorkTests" */;
			buildPhases = (
				8045FF1E2148785600D79398 /* Sources */,
				8045FF1F2148785600D79398 /* Frameworks */,
				8045FF202148785600D79398 /* Resources */,
			);
			buildRules = (
			);
			dependencies = (
				8045FF242148785600D79398 /* PBXTargetDependency */,
			);
			name = CarWorkTests;
			productName = CarWorkTests;
			productReference = 8045FF222148785600D79398 /* CarWorkTests.xctest */;
			productType = "com.apple.product-type.bundle.unit-test";
		};
		8045FF2C2148785600D79398 /* CarWorkUITests */ = {
			isa = PBXNativeTarget;
			buildConfigurationList = 8045FF3C2148785600D79398 /* Build configuration list for PBXNativeTarget "CarWorkUITests" */;
			buildPhases = (
				8045FF292148785600D79398 /* Sources */,
				8045FF2A2148785600D79398 /* Frameworks */,
				8045FF2B2148785600D79398 /* Resources */,
			);
			buildRules = (
			);
			dependencies = (
				8045FF2F2148785600D79398 /* PBXTargetDependency */,
			);
			name = CarWorkUITests;
			productName = CarWorkUITests;
			productReference = 8045FF2D2148785600D79398 /* CarWorkUITests.xctest */;
			productType = "com.apple.product-type.bundle.ui-testing";
		};
/* End PBXNativeTarget section */

/* Begin PBXProject section */
		8045FF062148785600D79398 /* Project object */ = {
			isa = PBXProject;
			attributes = {
				LastSwiftUpdateCheck = 0930;
				LastUpgradeCheck = 0930;
				ORGANIZATIONNAME = "Hannah Zulueta";
				TargetAttributes = {
					8045FF0D2148785600D79398 = {
						CreatedOnToolsVersion = 9.3.1;
					};
					8045FF212148785600D79398 = {
						CreatedOnToolsVersion = 9.3.1;
						TestTargetID = 8045FF0D2148785600D79398;
					};
					8045FF2C2148785600D79398 = {
						CreatedOnToolsVersion = 9.3.1;
						TestTargetID = 8045FF0D2148785600D79398;
					};
				};
			};
			buildConfigurationList = 8045FF092148785600D79398 /* Build configuration list for PBXProject "CarWork" */;
			compatibilityVersion = "Xcode 9.3";
			developmentRegion = en;
			hasScannedForEncodings = 0;
			knownRegions = (
				en,
				Base,
			);
			mainGroup = 8045FF052148785600D79398;
			productRefGroup = 8045FF0F2148785600D79398 /* Products */;
			projectDirPath = "";
			projectRoot = "";
			targets = (
				8045FF0D2148785600D79398 /* CarWork */,
				8045FF212148785600D79398 /* CarWorkTests */,
				8045FF2C2148785600D79398 /* CarWorkUITests */,
			);
		};
/* End PBXProject section */

/* Begin PBXResourcesBuildPhase section */
		8045FF0C2148785600D79398 /* Resources */ = {
			isa = PBXResourcesBuildPhase;
			buildActionMask = 2147483647;
			files = (
				8045FF1C2148785600D79398 /* LaunchScreen.storyboard in Resources */,
				8045FF192148785600D79398 /* Assets.xcassets in Resources */,
				8045FF172148785600D79398 /* Main.storyboard in Resources */,
			);
			runOnlyForDeploymentPostprocessing = 0;
		};
		8045FF202148785600D79398 /* Resources */ = {
			isa = PBXResourcesBuildPhase;
			buildActionMask = 2147483647;
			files = (
			);
			runOnlyForDeploymentPostprocessing = 0;
		};
		8045FF2B2148785600D79398 /* Resources */ = {
			isa = PBXResourcesBuildPhase;
			buildActionMask = 2147483647;
			files = (
			);
			runOnlyForDeploymentPostprocessing = 0;
		};
/* End PBXResourcesBuildPhase section */

/* Begin PBXSourcesBuildPhase section */
		8045FF0A2148785600D79398 /* Sources */ = {
			isa = PBXSourcesBuildPhase;
			buildActionMask = 2147483647;
			files = (
				8045FF142148785600D79398 /* ViewController.swift in Sources */,
				8045FF122148785600D79398 /* AppDelegate.swift in Sources */,
			);
			runOnlyForDeploymentPostprocessing = 0;
		};
		8045FF1E2148785600D79398 /* Sources */ = {
			isa = PBXSourcesBuildPhase;
			buildActionMask = 2147483647;
			files = (
				8045FF272148785600D79398 /* CarWorkTests.swift in Sources */,
			);
			runOnlyForDeploymentPostprocessing = 0;
		};
		8045FF292148785600D79398 /* Sources */ = {
			isa = PBXSourcesBuildPhase;
			buildActionMask = 2147483647;
			files = (
				8045FF322148785600D79398 /* CarWorkUITests.swift in Sources */,
			);
			runOnlyForDeploymentPostprocessing = 0;
		};
/* End PBXSourcesBuildPhase section */

/* Begin PBXTargetDependency section */
		8045FF242148785600D79398 /* PBXTargetDependency */ = {
			isa = PBXTargetDependency;
			target = 8045FF0D2148785600D79398 /* CarWork */;
			targetProxy = 8045FF232148785600D79398 /* PBXContainerItemProxy */;
		};
		8045FF2F2148785600D79398 /* PBXTargetDependency */ = {
			isa = PBXTargetDependency;
			target = 8045FF0D2148785600D79398 /* CarWork */;
			targetProxy = 8045FF2E2148785600D79398 /* PBXContainerItemProxy */;
		};
/* End PBXTargetDependency section */

/* Begin PBXVariantGroup section */
		8045FF152148785600D79398 /* Main.storyboard */ = {
			isa = PBXVariantGroup;
			children = (
				8045FF162148785600D79398 /* Base */,
			);
			name = Main.storyboard;
			sourceTree = "<group>";
		};
		8045FF1A2148785600D79398 /* LaunchScreen.storyboard */ = {
			isa = PBXVariantGroup;
			children = (
				8045FF1B2148785600D79398 /* Base */,
			);
			name = LaunchScreen.storyboard;
			sourceTree = "<group>";
		};
/* End PBXVariantGroup section */

/* Begin XCBuildConfiguration section */
		8045FF342148785600D79398 /* Debug */ = {
			isa = XCBuildConfiguration;
			buildSettings = {
				ALWAYS_SEARCH_USER_PATHS = NO;
				CLANG_ANALYZER_NONNULL = YES;
				CLANG_ANALYZER_NUMBER_OBJECT_CONVERSION = YES_AGGRESSIVE;
				CLANG_CXX_LANGUAGE_STANDARD = "gnu++14";
				CLANG_CXX_LIBRARY = "libc++";
				CLANG_ENABLE_MODULES = YES;
				CLANG_ENABLE_OBJC_ARC = YES;
				CLANG_ENABLE_OBJC_WEAK = YES;
				CLANG_WARN_BLOCK_CAPTURE_AUTORELEASING = YES;
				CLANG_WARN_BOOL_CONVERSION = YES;
				CLANG_WARN_COMMA = YES;
				CLANG_WARN_CONSTANT_CONVERSION = YES;
				CLANG_WARN_DEPRECATED_OBJC_IMPLEMENTATIONS = YES;
				CLANG_WARN_DIRECT_OBJC_ISA_USAGE = YES_ERROR;
				CLANG_WARN_DOCUMENTATION_COMMENTS = YES;
				CLANG_WARN_EMPTY_BODY = YES;
				CLANG_WARN_ENUM_CONVERSION = YES;
				CLANG_WARN_INFINITE_RECURSION = YES;
				CLANG_WARN_INT_CONVERSION = YES;
				CLANG_WARN_NON_LITERAL_NULL_CONVERSION = YES;
				CLANG_WARN_OBJC_IMPLICIT_RETAIN_SELF = YES;
				CLANG_WARN_OBJC_LITERAL_CONVERSION = YES;
				CLANG_WARN_OBJC_ROOT_CLASS = YES_ERROR;
				CLANG_WARN_RANGE_LOOP_ANALYSIS = YES;
				CLANG_WARN_STRICT_PROTOTYPES = YES;
				CLANG_WARN_SUSPICIOUS_MOVE = YES;
				CLANG_WARN_UNGUARDED_AVAILABILITY = YES_AGGRESSIVE;
				CLANG_WARN_UNREACHABLE_CODE = YES;
				CLANG_WARN__DUPLICATE_METHOD_MATCH = YES;
				CODE_SIGN_IDENTITY = "iPhone Developer";
				COPY_PHASE_STRIP = NO;
				DEBUG_INFORMATION_FORMAT = dwarf;
				ENABLE_STRICT_OBJC_MSGSEND = YES;
				ENABLE_TESTABILITY = YES;
				GCC_C_LANGUAGE_STANDARD = gnu11;
				GCC_DYNAMIC_NO_PIC = NO;
				GCC_NO_COMMON_BLOCKS = YES;
				GCC_OPTIMIZATION_LEVEL = 0;
				GCC_PREPROCESSOR_DEFINITIONS = (
					"DEBUG=1",
					"$(inherited)",
				);
				GCC_WARN_64_TO_32_BIT_CONVERSION = YES;
				GCC_WARN_ABOUT_RETURN_TYPE = YES_ERROR;
				GCC_WARN_UNDECLARED_SELECTOR = YES;
				GCC_WARN_UNINITIALIZED_AUTOS = YES_AGGRESSIVE;
				GCC_WARN_UNUSED_FUNCTION = YES;
				GCC_WARN_UNUSED_VARIABLE = YES;
				IPHONEOS_DEPLOYMENT_TARGET = 11.3;
				MTL_ENABLE_DEBUG_INFO = YES;
				ONLY_ACTIVE_ARCH = YES;
				SDKROOT = iphoneos;
				SWIFT_ACTIVE_COMPILATION_CONDITIONS = DEBUG;
				SWIFT_OPTIMIZATION_LEVEL = "-Onone";
			};
			name = Debug;
		};
		8045FF352148785600D79398 /* Release */ = {
			isa = XCBuildConfiguration;
			buildSettings = {
				ALWAYS_SEARCH_USER_PATHS = NO;
				CLANG_ANALYZER_NONNULL = YES;
				CLANG_ANALYZER_NUMBER_OBJECT_CONVERSION = YES_AGGRESSIVE;
				CLANG_CXX_LANGUAGE_STANDARD = "gnu++14";
				CLANG_CXX_LIBRARY = "libc++";
				CLANG_ENABLE_MODULES = YES;
				CLANG_ENABLE_OBJC_ARC = YES;
				CLANG_ENABLE_OBJC_WEAK = YES;
				CLANG_WARN_BLOCK_CAPTURE_AUTORELEASING = YES;
				CLANG_WARN_BOOL_CONVERSION = YES;
				CLANG_WARN_COMMA = YES;
				CLANG_WARN_CONSTANT_CONVERSION = YES;
				CLANG_WARN_DEPRECATED_OBJC_IMPLEMENTATIONS = YES;
				CLANG_WARN_DIRECT_OBJC_ISA_USAGE = YES_ERROR;
				CLANG_WARN_DOCUMENTATION_COMMENTS = YES;
				CLANG_WARN_EMPTY_BODY = YES;
				CLANG_WARN_ENUM_CONVERSION = YES;
				CLANG_WARN_INFINITE_RECURSION = YES;
				CLANG_WARN_INT_CONVERSION = YES;
				CLANG_WARN_NON_LITERAL_NULL_CONVERSION = YES;
				CLANG_WARN_OBJC_IMPLICIT_RETAIN_SELF = YES;
				CLANG_WARN_OBJC_LITERAL_CONVERSION = YES;
				CLANG_WARN_OBJC_ROOT_CLASS = YES_ERROR;
				CLANG_WARN_RANGE_LOOP_ANALYSIS = YES;
				CLANG_WARN_STRICT_PROTOTYPES = YES;
				CLANG_WARN_SUSPICIOUS_MOVE = YES;
				CLANG_WARN_UNGUARDED_AVAILABILITY = YES_AGGRESSIVE;
				CLANG_WARN_UNREACHABLE_CODE = YES;
				CLANG_WARN__DUPLICATE_METHOD_MATCH = YES;
				CODE_SIGN_IDENTITY = "iPhone Developer";
				COPY_PHASE_STRIP = NO;
				DEBUG_INFORMATION_FORMAT = "dwarf-with-dsym";
				ENABLE_NS_ASSERTIONS = NO;
				ENABLE_STRICT_OBJC_MSGSEND = YES;
				GCC_C_LANGUAGE_STANDARD = gnu11;
				GCC_NO_COMMON_BLOCKS = YES;
				GCC_WARN_64_TO_32_BIT_CONVERSION = YES;
				GCC_WARN_ABOUT_RETURN_TYPE = YES_ERROR;
				GCC_WARN_UNDECLARED_SELECTOR = YES;
				GCC_WARN_UNINITIALIZED_AUTOS = YES_AGGRESSIVE;
				GCC_WARN_UNUSED_FUNCTION = YES;
				GCC_WARN_UNUSED_VARIABLE = YES;
				IPHONEOS_DEPLOYMENT_TARGET = 11.3;
				MTL_ENABLE_DEBUG_INFO = NO;
				SDKROOT = iphoneos;
				SWIFT_COMPILATION_MODE = wholemodule;
				SWIFT_OPTIMIZATION_LEVEL = "-O";
				VALIDATE_PRODUCT = YES;
			};
			name = Release;
		};
		8045FF372148785600D79398 /* Debug */ = {
			isa = XCBuildConfiguration;
			buildSettings = {
				ASSETCATALOG_COMPILER_APPICON_NAME = AppIcon;
				CODE_SIGN_STYLE = Automatic;
				DEVELOPMENT_TEAM = DTPQ2WG5K2;
				INFOPLIST_FILE = CarWork/Info.plist;
				LD_RUNPATH_SEARCH_PATHS = (
					"$(inherited)",
					"@executable_path/Frameworks",
				);
				PRODUCT_BUNDLE_IDENTIFIER = sdl2018.CarWork;
				PRODUCT_NAME = "$(TARGET_NAME)";
				SWIFT_VERSION = 4.0;
				TARGETED_DEVICE_FAMILY = "1,2";
			};
			name = Debug;
		};
		8045FF382148785600D79398 /* Release */ = {
			isa = XCBuildConfiguration;
			buildSettings = {
				ASSETCATALOG_COMPILER_APPICON_NAME = AppIcon;
				CODE_SIGN_STYLE = Automatic;
				DEVELOPMENT_TEAM = DTPQ2WG5K2;
				INFOPLIST_FILE = CarWork/Info.plist;
				LD_RUNPATH_SEARCH_PATHS = (
					"$(inherited)",
					"@executable_path/Frameworks",
				);
				PRODUCT_BUNDLE_IDENTIFIER = sdl2018.CarWork;
				PRODUCT_NAME = "$(TARGET_NAME)";
				SWIFT_VERSION = 4.0;
				TARGETED_DEVICE_FAMILY = "1,2";
			};
			name = Release;
		};
		8045FF3A2148785600D79398 /* Debug */ = {
			isa = XCBuildConfiguration;
			buildSettings = {
				ALWAYS_EMBED_SWIFT_STANDARD_LIBRARIES = YES;
				BUNDLE_LOADER = "$(TEST_HOST)";
				CODE_SIGN_STYLE = Automatic;
				DEVELOPMENT_TEAM = DTPQ2WG5K2;
				INFOPLIST_FILE = CarWorkTests/Info.plist;
				LD_RUNPATH_SEARCH_PATHS = (
					"$(inherited)",
					"@executable_path/Frameworks",
					"@loader_path/Frameworks",
				);
				PRODUCT_BUNDLE_IDENTIFIER = sdl2018.CarWorkTests;
				PRODUCT_NAME = "$(TARGET_NAME)";
				SWIFT_VERSION = 4.0;
				TARGETED_DEVICE_FAMILY = "1,2";
				TEST_HOST = "$(BUILT_PRODUCTS_DIR)/CarWork.app/CarWork";
			};
			name = Debug;
		};
		8045FF3B2148785600D79398 /* Release */ = {
			isa = XCBuildConfiguration;
			buildSettings = {
				ALWAYS_EMBED_SWIFT_STANDARD_LIBRARIES = YES;
				BUNDLE_LOADER = "$(TEST_HOST)";
				CODE_SIGN_STYLE = Automatic;
				DEVELOPMENT_TEAM = DTPQ2WG5K2;
				INFOPLIST_FILE = CarWorkTests/Info.plist;
				LD_RUNPATH_SEARCH_PATHS = (
					"$(inherited)",
					"@executable_path/Frameworks",
					"@loader_path/Frameworks",
				);
				PRODUCT_BUNDLE_IDENTIFIER = sdl2018.CarWorkTests;
				PRODUCT_NAME = "$(TARGET_NAME)";
				SWIFT_VERSION = 4.0;
				TARGETED_DEVICE_FAMILY = "1,2";
				TEST_HOST = "$(BUILT_PRODUCTS_DIR)/CarWork.app/CarWork";
			};
			name = Release;
		};
		8045FF3D2148785600D79398 /* Debug */ = {
			isa = XCBuildConfiguration;
			buildSettings = {
				ALWAYS_EMBED_SWIFT_STANDARD_LIBRARIES = YES;
				CODE_SIGN_STYLE = Automatic;
				DEVELOPMENT_TEAM = DTPQ2WG5K2;
				INFOPLIST_FILE = CarWorkUITests/Info.plist;
				LD_RUNPATH_SEARCH_PATHS = (
					"$(inherited)",
					"@executable_path/Frameworks",
					"@loader_path/Frameworks",
				);
				PRODUCT_BUNDLE_IDENTIFIER = sdl2018.CarWorkUITests;
				PRODUCT_NAME = "$(TARGET_NAME)";
				SWIFT_VERSION = 4.0;
				TARGETED_DEVICE_FAMILY = "1,2";
				TEST_TARGET_NAME = CarWork;
			};
			name = Debug;
		};
		8045FF3E2148785600D79398 /* Release */ = {
			isa = XCBuildConfiguration;
			buildSettings = {
				ALWAYS_EMBED_SWIFT_STANDARD_LIBRARIES = YES;
				CODE_SIGN_STYLE = Automatic;
				DEVELOPMENT_TEAM = DTPQ2WG5K2;
				INFOPLIST_FILE = CarWorkUITests/Info.plist;
				LD_RUNPATH_SEARCH_PATHS = (
					"$(inherited)",
					"@executable_path/Frameworks",
					"@loader_path/Frameworks",
				);
				PRODUCT_BUNDLE_IDENTIFIER = sdl2018.CarWorkUITests;
				PRODUCT_NAME = "$(TARGET_NAME)";
				SWIFT_VERSION = 4.0;
				TARGETED_DEVICE_FAMILY = "1,2";
				TEST_TARGET_NAME = CarWork;
			};
			name = Release;
		};
/* End XCBuildConfiguration section */

/* Begin XCConfigurationList section */
		8045FF092148785600D79398 /* Build configuration list for PBXProject "CarWork" */ = {
			isa = XCConfigurationList;
			buildConfigurations = (
				8045FF342148785600D79398 /* Debug */,
				8045FF352148785600D79398 /* Release */,
			);
			defaultConfigurationIsVisible = 0;
			defaultConfigurationName = Release;
		};
		8045FF362148785600D79398 /* Build configuration list for PBXNativeTarget "CarWork" */ = {
			isa = XCConfigurationList;
			buildConfigurations = (
				8045FF372148785600D79398 /* Debug */,
				8045FF382148785600D79398 /* Release */,
			);
			defaultConfigurationIsVisible = 0;
			defaultConfigurationName = Release;
		};
		8045FF392148785600D79398 /* Build configuration list for PBXNativeTarget "CarWorkTests" */ = {
			isa = XCConfigurationList;
			buildConfigurations = (
				8045FF3A2148785600D79398 /* Debug */,
				8045FF3B2148785600D79398 /* Release */,
			);
			defaultConfigurationIsVisible = 0;
			defaultConfigurationName = Release;
		};
		8045FF3C2148785600D79398 /* Build configuration list for PBXNativeTarget "CarWorkUITests" */ = {
			isa = XCConfigurationList;
			buildConfigurations = (
				8045FF3D2148785600D79398 /* Debug */,
				8045FF3E2148785600D79398 /* Release */,
			);
			defaultConfigurationIsVisible = 0;
			defaultConfigurationName = Release;
		};
/* End XCConfigurationList section */
	};
	rootObject = 8045FF062148785600D79398 /* Project object */;
}
